// !$*UTF8*$!
{
	archiveVersion = 1;
	classes = {
	};
	objectVersion = 52;
	objects = {

/* Begin PBXBuildFile section */
		1BE0C5CE26B1F052007EC5CD /* AddingCoreDataTests.swift in Sources */ = {isa = PBXBuildFile; fileRef = 1BE0C5CD26B1F052007EC5CD /* AddingCoreDataTests.swift */; };
		1BE0C5D926B1F052007EC5CD /* AddingCoreDataUITests.swift in Sources */ = {isa = PBXBuildFile; fileRef = 1BE0C5D826B1F052007EC5CD /* AddingCoreDataUITests.swift */; };
		1BE0C5ED26B1F763007EC5CD /* SnapKit in Frameworks */ = {isa = PBXBuildFile; productRef = 1BE0C5EC26B1F763007EC5CD /* SnapKit */; };
		1BE0C61426B251A2007EC5CD /* AppDelegate.swift in Sources */ = {isa = PBXBuildFile; fileRef = 1BE0C5FF26B251A1007EC5CD /* AppDelegate.swift */; };
		1BE0C61526B251A2007EC5CD /* SceneDelegate.swift in Sources */ = {isa = PBXBuildFile; fileRef = 1BE0C60026B251A1007EC5CD /* SceneDelegate.swift */; };
		1BE0C61626B251A2007EC5CD /* StorageProvider.swift in Sources */ = {isa = PBXBuildFile; fileRef = 1BE0C60226B251A2007EC5CD /* StorageProvider.swift */; };
		1BE0C61826B251A2007EC5CD /* CellModel.swift in Sources */ = {isa = PBXBuildFile; fileRef = 1BE0C60626B251A2007EC5CD /* CellModel.swift */; };
		1BE0C61926B251A2007EC5CD /* Model.xcdatamodeld in Sources */ = {isa = PBXBuildFile; fileRef = 1BE0C60826B251A2007EC5CD /* Model.xcdatamodeld */; };
		1BE0C61A26B251A2007EC5CD /* HomeViewController.swift in Sources */ = {isa = PBXBuildFile; fileRef = 1BE0C60C26B251A2007EC5CD /* HomeViewController.swift */; };
		1BE0C61B26B251A2007EC5CD /* HomePresenter.swift in Sources */ = {isa = PBXBuildFile; fileRef = 1BE0C60D26B251A2007EC5CD /* HomePresenter.swift */; };
		1BE0C61C26B251A2007EC5CD /* HomeMovieTableViewCell.swift in Sources */ = {isa = PBXBuildFile; fileRef = 1BE0C60F26B251A2007EC5CD /* HomeMovieTableViewCell.swift */; };
		1BE0C61D26B251A2007EC5CD /* LaunchScreen.storyboard in Resources */ = {isa = PBXBuildFile; fileRef = 1BE0C61126B251A2007EC5CD /* LaunchScreen.storyboard */; };
		1BE0C61E26B251A2007EC5CD /* Assets.xcassets in Resources */ = {isa = PBXBuildFile; fileRef = 1BE0C61326B251A2007EC5CD /* Assets.xcassets */; };
/* End PBXBuildFile section */

/* Begin PBXContainerItemProxy section */
		1BE0C5CA26B1F052007EC5CD /* PBXContainerItemProxy */ = {
			isa = PBXContainerItemProxy;
			containerPortal = 1BE0C5AB26B1F052007EC5CD /* Project object */;
			proxyType = 1;
			remoteGlobalIDString = 1BE0C5B226B1F052007EC5CD;
			remoteInfo = AddingCoreData;
		};
		1BE0C5D526B1F052007EC5CD /* PBXContainerItemProxy */ = {
			isa = PBXContainerItemProxy;
			containerPortal = 1BE0C5AB26B1F052007EC5CD /* Project object */;
			proxyType = 1;
			remoteGlobalIDString = 1BE0C5B226B1F052007EC5CD;
			remoteInfo = AddingCoreData;
		};
/* End PBXContainerItemProxy section */

/* Begin PBXFileReference section */
		1BE0C5B326B1F052007EC5CD /* AddingCoreData.app */ = {isa = PBXFileReference; explicitFileType = wrapper.application; includeInIndex = 0; path = AddingCoreData.app; sourceTree = BUILT_PRODUCTS_DIR; };
		1BE0C5C926B1F052007EC5CD /* AddingCoreDataTests.xctest */ = {isa = PBXFileReference; explicitFileType = wrapper.cfbundle; includeInIndex = 0; path = AddingCoreDataTests.xctest; sourceTree = BUILT_PRODUCTS_DIR; };
		1BE0C5CD26B1F052007EC5CD /* AddingCoreDataTests.swift */ = {isa = PBXFileReference; lastKnownFileType = sourcecode.swift; path = AddingCoreDataTests.swift; sourceTree = "<group>"; };
		1BE0C5CF26B1F052007EC5CD /* Info.plist */ = {isa = PBXFileReference; lastKnownFileType = text.plist.xml; path = Info.plist; sourceTree = "<group>"; };
		1BE0C5D426B1F052007EC5CD /* AddingCoreDataUITests.xctest */ = {isa = PBXFileReference; explicitFileType = wrapper.cfbundle; includeInIndex = 0; path = AddingCoreDataUITests.xctest; sourceTree = BUILT_PRODUCTS_DIR; };
		1BE0C5D826B1F052007EC5CD /* AddingCoreDataUITests.swift */ = {isa = PBXFileReference; lastKnownFileType = sourcecode.swift; path = AddingCoreDataUITests.swift; sourceTree = "<group>"; };
		1BE0C5DA26B1F052007EC5CD /* Info.plist */ = {isa = PBXFileReference; lastKnownFileType = text.plist.xml; path = Info.plist; sourceTree = "<group>"; };
		1BE0C5FF26B251A1007EC5CD /* AppDelegate.swift */ = {isa = PBXFileReference; fileEncoding = 4; lastKnownFileType = sourcecode.swift; path = AppDelegate.swift; sourceTree = "<group>"; };
		1BE0C60026B251A1007EC5CD /* SceneDelegate.swift */ = {isa = PBXFileReference; fileEncoding = 4; lastKnownFileType = sourcecode.swift; path = SceneDelegate.swift; sourceTree = "<group>"; };
		1BE0C60226B251A2007EC5CD /* StorageProvider.swift */ = {isa = PBXFileReference; fileEncoding = 4; lastKnownFileType = sourcecode.swift; path = StorageProvider.swift; sourceTree = "<group>"; };
		1BE0C60426B251A2007EC5CD /* Info.plist */ = {isa = PBXFileReference; fileEncoding = 4; lastKnownFileType = text.plist.xml; path = Info.plist; sourceTree = "<group>"; };
		1BE0C60626B251A2007EC5CD /* CellModel.swift */ = {isa = PBXFileReference; fileEncoding = 4; lastKnownFileType = sourcecode.swift; path = CellModel.swift; sourceTree = "<group>"; };
		1BE0C60926B251A2007EC5CD /* Model.xcdatamodel */ = {isa = PBXFileReference; lastKnownFileType = wrapper.xcdatamodel; path = Model.xcdatamodel; sourceTree = "<group>"; };
		1BE0C60C26B251A2007EC5CD /* HomeViewController.swift */ = {isa = PBXFileReference; fileEncoding = 4; lastKnownFileType = sourcecode.swift; path = HomeViewController.swift; sourceTree = "<group>"; };
		1BE0C60D26B251A2007EC5CD /* HomePresenter.swift */ = {isa = PBXFileReference; fileEncoding = 4; lastKnownFileType = sourcecode.swift; path = HomePresenter.swift; sourceTree = "<group>"; };
		1BE0C60F26B251A2007EC5CD /* HomeMovieTableViewCell.swift */ = {isa = PBXFileReference; fileEncoding = 4; lastKnownFileType = sourcecode.swift; path = HomeMovieTableViewCell.swift; sourceTree = "<group>"; };
		1BE0C61126B251A2007EC5CD /* LaunchScreen.storyboard */ = {isa = PBXFileReference; fileEncoding = 4; lastKnownFileType = file.storyboard; path = LaunchScreen.storyboard; sourceTree = "<group>"; };
		1BE0C61326B251A2007EC5CD /* Assets.xcassets */ = {isa = PBXFileReference; lastKnownFileType = folder.assetcatalog; path = Assets.xcassets; sourceTree = "<group>"; };
/* End PBXFileReference section */

/* Begin PBXFrameworksBuildPhase section */
		1BE0C5B026B1F052007EC5CD /* Frameworks */ = {
			isa = PBXFrameworksBuildPhase;
			buildActionMask = 2147483647;
			files = (
				1BE0C5ED26B1F763007EC5CD /* SnapKit in Frameworks */,
			);
			runOnlyForDeploymentPostprocessing = 0;
		};
		1BE0C5C626B1F052007EC5CD /* Frameworks */ = {
			isa = PBXFrameworksBuildPhase;
			buildActionMask = 2147483647;
			files = (
			);
			runOnlyForDeploymentPostprocessing = 0;
		};
		1BE0C5D126B1F052007EC5CD /* Frameworks */ = {
			isa = PBXFrameworksBuildPhase;
			buildActionMask = 2147483647;
			files = (
			);
			runOnlyForDeploymentPostprocessing = 0;
		};
/* End PBXFrameworksBuildPhase section */

/* Begin PBXGroup section */
		1BE0C5AA26B1F052007EC5CD = {
			isa = PBXGroup;
			children = (
				1BE0C5B526B1F052007EC5CD /* AddingCoreData */,
				1BE0C5CC26B1F052007EC5CD /* AddingCoreDataTests */,
				1BE0C5D726B1F052007EC5CD /* AddingCoreDataUITests */,
				1BE0C5B426B1F052007EC5CD /* Products */,
			);
			sourceTree = "<group>";
		};
		1BE0C5B426B1F052007EC5CD /* Products */ = {
			isa = PBXGroup;
			children = (
				1BE0C5B326B1F052007EC5CD /* AddingCoreData.app */,
				1BE0C5C926B1F052007EC5CD /* AddingCoreDataTests.xctest */,
				1BE0C5D426B1F052007EC5CD /* AddingCoreDataUITests.xctest */,
			);
			name = Products;
			sourceTree = "<group>";
		};
		1BE0C5B526B1F052007EC5CD /* AddingCoreData */ = {
			isa = PBXGroup;
			children = (
				1BE0C5FE26B251A1007EC5CD /* Base */,
				1BE0C60326B251A2007EC5CD /* Config */,
				1BE0C60526B251A2007EC5CD /* Helper */,
				1BE0C60726B251A2007EC5CD /* Models */,
				1BE0C60126B251A2007EC5CD /* Providers */,
				1BE0C61226B251A2007EC5CD /* Resources */,
				1BE0C60A26B251A2007EC5CD /* Scenes */,
			);
			path = AddingCoreData;
			sourceTree = "<group>";
		};
		1BE0C5CC26B1F052007EC5CD /* AddingCoreDataTests */ = {
			isa = PBXGroup;
			children = (
				1BE0C5CD26B1F052007EC5CD /* AddingCoreDataTests.swift */,
				1BE0C5CF26B1F052007EC5CD /* Info.plist */,
			);
			path = AddingCoreDataTests;
			sourceTree = "<group>";
		};
		1BE0C5D726B1F052007EC5CD /* AddingCoreDataUITests */ = {
			isa = PBXGroup;
			children = (
				1BE0C5D826B1F052007EC5CD /* AddingCoreDataUITests.swift */,
				1BE0C5DA26B1F052007EC5CD /* Info.plist */,
			);
			path = AddingCoreDataUITests;
			sourceTree = "<group>";
		};
		1BE0C5FE26B251A1007EC5CD /* Base */ = {
			isa = PBXGroup;
			children = (
				1BE0C5FF26B251A1007EC5CD /* AppDelegate.swift */,
				1BE0C60026B251A1007EC5CD /* SceneDelegate.swift */,
			);
			path = Base;
			sourceTree = "<group>";
		};
		1BE0C60126B251A2007EC5CD /* Providers */ = {
			isa = PBXGroup;
			children = (
				1BE0C60226B251A2007EC5CD /* StorageProvider.swift */,
			);
			path = Providers;
			sourceTree = "<group>";
		};
		1BE0C60326B251A2007EC5CD /* Config */ = {
			isa = PBXGroup;
			children = (
				1BE0C60426B251A2007EC5CD /* Info.plist */,
			);
			path = Config;
			sourceTree = "<group>";
		};
		1BE0C60526B251A2007EC5CD /* Helper */ = {
			isa = PBXGroup;
			children = (
				1BE0C60626B251A2007EC5CD /* CellModel.swift */,
			);
			path = Helper;
			sourceTree = "<group>";
		};
		1BE0C60726B251A2007EC5CD /* Models */ = {
			isa = PBXGroup;
			children = (
				1BE0C60826B251A2007EC5CD /* Model.xcdatamodeld */,
			);
			path = Models;
			sourceTree = "<group>";
		};
		1BE0C60A26B251A2007EC5CD /* Scenes */ = {
			isa = PBXGroup;
			children = (
				1BE0C60B26B251A2007EC5CD /* Home */,
				1BE0C61026B251A2007EC5CD /* Splash */,
			);
			path = Scenes;
			sourceTree = "<group>";
		};
		1BE0C60B26B251A2007EC5CD /* Home */ = {
			isa = PBXGroup;
			children = (
				1BE0C60C26B251A2007EC5CD /* HomeViewController.swift */,
				1BE0C60D26B251A2007EC5CD /* HomePresenter.swift */,
				1BE0C60E26B251A2007EC5CD /* Views */,
			);
			path = Home;
			sourceTree = "<group>";
		};
		1BE0C60E26B251A2007EC5CD /* Views */ = {
			isa = PBXGroup;
			children = (
				1BE0C60F26B251A2007EC5CD /* HomeMovieTableViewCell.swift */,
			);
			path = Views;
			sourceTree = "<group>";
		};
		1BE0C61026B251A2007EC5CD /* Splash */ = {
			isa = PBXGroup;
			children = (
				1BE0C61126B251A2007EC5CD /* LaunchScreen.storyboard */,
			);
			path = Splash;
			sourceTree = "<group>";
		};
		1BE0C61226B251A2007EC5CD /* Resources */ = {
			isa = PBXGroup;
			children = (
				1BE0C61326B251A2007EC5CD /* Assets.xcassets */,
			);
			path = Resources;
			sourceTree = "<group>";
		};
/* End PBXGroup section */

/* Begin PBXNativeTarget section */
		1BE0C5B226B1F052007EC5CD /* AddingCoreData */ = {
			isa = PBXNativeTarget;
			buildConfigurationList = 1BE0C5DD26B1F052007EC5CD /* Build configuration list for PBXNativeTarget "AddingCoreData" */;
			buildPhases = (
				1BE0C5AF26B1F052007EC5CD /* Sources */,
				1BE0C5B026B1F052007EC5CD /* Frameworks */,
				1BE0C5B126B1F052007EC5CD /* Resources */,
			);
			buildRules = (
			);
			dependencies = (
			);
			name = AddingCoreData;
			packageProductDependencies = (
				1BE0C5EC26B1F763007EC5CD /* SnapKit */,
			);
			productName = AddingCoreData;
			productReference = 1BE0C5B326B1F052007EC5CD /* AddingCoreData.app */;
			productType = "com.apple.product-type.application";
		};
		1BE0C5C826B1F052007EC5CD /* AddingCoreDataTests */ = {
			isa = PBXNativeTarget;
			buildConfigurationList = 1BE0C5E026B1F052007EC5CD /* Build configuration list for PBXNativeTarget "AddingCoreDataTests" */;
			buildPhases = (
				1BE0C5C526B1F052007EC5CD /* Sources */,
				1BE0C5C626B1F052007EC5CD /* Frameworks */,
				1BE0C5C726B1F052007EC5CD /* Resources */,
			);
			buildRules = (
			);
			dependencies = (
				1BE0C5CB26B1F052007EC5CD /* PBXTargetDependency */,
			);
			name = AddingCoreDataTests;
			productName = AddingCoreDataTests;
			productReference = 1BE0C5C926B1F052007EC5CD /* AddingCoreDataTests.xctest */;
			productType = "com.apple.product-type.bundle.unit-test";
		};
		1BE0C5D326B1F052007EC5CD /* AddingCoreDataUITests */ = {
			isa = PBXNativeTarget;
			buildConfigurationList = 1BE0C5E326B1F052007EC5CD /* Build configuration list for PBXNativeTarget "AddingCoreDataUITests" */;
			buildPhases = (
				1BE0C5D026B1F052007EC5CD /* Sources */,
				1BE0C5D126B1F052007EC5CD /* Frameworks */,
				1BE0C5D226B1F052007EC5CD /* Resources */,
			);
			buildRules = (
			);
			dependencies = (
				1BE0C5D626B1F052007EC5CD /* PBXTargetDependency */,
			);
			name = AddingCoreDataUITests;
			productName = AddingCoreDataUITests;
			productReference = 1BE0C5D426B1F052007EC5CD /* AddingCoreDataUITests.xctest */;
			productType = "com.apple.product-type.bundle.ui-testing";
		};
/* End PBXNativeTarget section */

/* Begin PBXProject section */
		1BE0C5AB26B1F052007EC5CD /* Project object */ = {
			isa = PBXProject;
			attributes = {
				LastSwiftUpdateCheck = 1250;
				LastUpgradeCheck = 1250;
				TargetAttributes = {
					1BE0C5B226B1F052007EC5CD = {
						CreatedOnToolsVersion = 12.5.1;
					};
					1BE0C5C826B1F052007EC5CD = {
						CreatedOnToolsVersion = 12.5.1;
						TestTargetID = 1BE0C5B226B1F052007EC5CD;
					};
					1BE0C5D326B1F052007EC5CD = {
						CreatedOnToolsVersion = 12.5.1;
						TestTargetID = 1BE0C5B226B1F052007EC5CD;
					};
				};
			};
			buildConfigurationList = 1BE0C5AE26B1F052007EC5CD /* Build configuration list for PBXProject "AddingCoreData" */;
			compatibilityVersion = "Xcode 9.3";
			developmentRegion = en;
			hasScannedForEncodings = 0;
			knownRegions = (
				en,
				Base,
			);
			mainGroup = 1BE0C5AA26B1F052007EC5CD;
			packageReferences = (
				1BE0C5EB26B1F763007EC5CD /* XCRemoteSwiftPackageReference "SnapKit" */,
			);
			productRefGroup = 1BE0C5B426B1F052007EC5CD /* Products */;
			projectDirPath = "";
			projectRoot = "";
			targets = (
				1BE0C5B226B1F052007EC5CD /* AddingCoreData */,
				1BE0C5C826B1F052007EC5CD /* AddingCoreDataTests */,
				1BE0C5D326B1F052007EC5CD /* AddingCoreDataUITests */,
			);
		};
/* End PBXProject section */

/* Begin PBXResourcesBuildPhase section */
		1BE0C5B126B1F052007EC5CD /* Resources */ = {
			isa = PBXResourcesBuildPhase;
			buildActionMask = 2147483647;
			files = (
				1BE0C61E26B251A2007EC5CD /* Assets.xcassets in Resources */,
				1BE0C61D26B251A2007EC5CD /* LaunchScreen.storyboard in Resources */,
			);
			runOnlyForDeploymentPostprocessing = 0;
		};
		1BE0C5C726B1F052007EC5CD /* Resources */ = {
			isa = PBXResourcesBuildPhase;
			buildActionMask = 2147483647;
			files = (
			);
			runOnlyForDeploymentPostprocessing = 0;
		};
		1BE0C5D226B1F052007EC5CD /* Resources */ = {
			isa = PBXResourcesBuildPhase;
			buildActionMask = 2147483647;
			files = (
			);
			runOnlyForDeploymentPostprocessing = 0;
		};
/* End PBXResourcesBuildPhase section */

/* Begin PBXSourcesBuildPhase section */
		1BE0C5AF26B1F052007EC5CD /* Sources */ = {
			isa = PBXSourcesBuildPhase;
			buildActionMask = 2147483647;
			files = (
				1BE0C61B26B251A2007EC5CD /* HomePresenter.swift in Sources */,
				1BE0C61426B251A2007EC5CD /* AppDelegate.swift in Sources */,
				1BE0C61626B251A2007EC5CD /* StorageProvider.swift in Sources */,
				1BE0C61C26B251A2007EC5CD /* HomeMovieTableViewCell.swift in Sources */,
				1BE0C61926B251A2007EC5CD /* Model.xcdatamodeld in Sources */,
				1BE0C61526B251A2007EC5CD /* SceneDelegate.swift in Sources */,
				1BE0C61826B251A2007EC5CD /* CellModel.swift in Sources */,
				1BE0C61A26B251A2007EC5CD /* HomeViewController.swift in Sources */,
			);
			runOnlyForDeploymentPostprocessing = 0;
		};
		1BE0C5C526B1F052007EC5CD /* Sources */ = {
			isa = PBXSourcesBuildPhase;
			buildActionMask = 2147483647;
			files = (
				1BE0C5CE26B1F052007EC5CD /* AddingCoreDataTests.swift in Sources */,
			);
			runOnlyForDeploymentPostprocessing = 0;
		};
		1BE0C5D026B1F052007EC5CD /* Sources */ = {
			isa = PBXSourcesBuildPhase;
			buildActionMask = 2147483647;
			files = (
				1BE0C5D926B1F052007EC5CD /* AddingCoreDataUITests.swift in Sources */,
			);
			runOnlyForDeploymentPostprocessing = 0;
		};
/* End PBXSourcesBuildPhase section */

/* Begin PBXTargetDependency section */
		1BE0C5CB26B1F052007EC5CD /* PBXTargetDependency */ = {
			isa = PBXTargetDependency;
			target = 1BE0C5B226B1F052007EC5CD /* AddingCoreData */;
			targetProxy = 1BE0C5CA26B1F052007EC5CD /* PBXContainerItemProxy */;
		};
		1BE0C5D626B1F052007EC5CD /* PBXTargetDependency */ = {
			isa = PBXTargetDependency;
			target = 1BE0C5B226B1F052007EC5CD /* AddingCoreData */;
			targetProxy = 1BE0C5D526B1F052007EC5CD /* PBXContainerItemProxy */;
		};
/* End PBXTargetDependency section */

/* Begin XCBuildConfiguration section */
		1BE0C5DB26B1F052007EC5CD /* Debug */ = {
			isa = XCBuildConfiguration;
			buildSettings = {
				ALWAYS_SEARCH_USER_PATHS = NO;
				CLANG_ANALYZER_NONNULL = YES;
				CLANG_ANALYZER_NUMBER_OBJECT_CONVERSION = YES_AGGRESSIVE;
				CLANG_CXX_LANGUAGE_STANDARD = "gnu++14";
				CLANG_CXX_LIBRARY = "libc++";
				CLANG_ENABLE_MODULES = YES;
				CLANG_ENABLE_OBJC_ARC = YES;
				CLANG_ENABLE_OBJC_WEAK = YES;
				CLANG_WARN_BLOCK_CAPTURE_AUTORELEASING = YES;
				CLANG_WARN_BOOL_CONVERSION = YES;
				CLANG_WARN_COMMA = YES;
				CLANG_WARN_CONSTANT_CONVERSION = YES;
				CLANG_WARN_DEPRECATED_OBJC_IMPLEMENTATIONS = YES;
				CLANG_WARN_DIRECT_OBJC_ISA_USAGE = YES_ERROR;
				CLANG_WARN_DOCUMENTATION_COMMENTS = YES;
				CLANG_WARN_EMPTY_BODY = YES;
				CLANG_WARN_ENUM_CONVERSION = YES;
				CLANG_WARN_INFINITE_RECURSION = YES;
				CLANG_WARN_INT_CONVERSION = YES;
				CLANG_WARN_NON_LITERAL_NULL_CONVERSION = YES;
				CLANG_WARN_OBJC_IMPLICIT_RETAIN_SELF = YES;
				CLANG_WARN_OBJC_LITERAL_CONVERSION = YES;
				CLANG_WARN_OBJC_ROOT_CLASS = YES_ERROR;
				CLANG_WARN_QUOTED_INCLUDE_IN_FRAMEWORK_HEADER = YES;
				CLANG_WARN_RANGE_LOOP_ANALYSIS = YES;
				CLANG_WARN_STRICT_PROTOTYPES = YES;
				CLANG_WARN_SUSPICIOUS_MOVE = YES;
				CLANG_WARN_UNGUARDED_AVAILABILITY = YES_AGGRESSIVE;
				CLANG_WARN_UNREACHABLE_CODE = YES;
				CLANG_WARN__DUPLICATE_METHOD_MATCH = YES;
				COPY_PHASE_STRIP = NO;
				DEBUG_INFORMATION_FORMAT = dwarf;
				ENABLE_STRICT_OBJC_MSGSEND = YES;
				ENABLE_TESTABILITY = YES;
				GCC_C_LANGUAGE_STANDARD = gnu11;
				GCC_DYNAMIC_NO_PIC = NO;
				GCC_NO_COMMON_BLOCKS = YES;
				GCC_OPTIMIZATION_LEVEL = 0;
				GCC_PREPROCESSOR_DEFINITIONS = (
					"DEBUG=1",
					"$(inherited)",
				);
				GCC_WARN_64_TO_32_BIT_CONVERSION = YES;
				GCC_WARN_ABOUT_RETURN_TYPE = YES_ERROR;
				GCC_WARN_UNDECLARED_SELECTOR = YES;
				GCC_WARN_UNINITIALIZED_AUTOS = YES_AGGRESSIVE;
				GCC_WARN_UNUSED_FUNCTION = YES;
				GCC_WARN_UNUSED_VARIABLE = YES;
				IPHONEOS_DEPLOYMENT_TARGET = 14.5;
				MTL_ENABLE_DEBUG_INFO = INCLUDE_SOURCE;
				MTL_FAST_MATH = YES;
				ONLY_ACTIVE_ARCH = YES;
				SDKROOT = iphoneos;
				SWIFT_ACTIVE_COMPILATION_CONDITIONS = DEBUG;
				SWIFT_OPTIMIZATION_LEVEL = "-Onone";
			};
			name = Debug;
		};
		1BE0C5DC26B1F052007EC5CD /* Release */ = {
			isa = XCBuildConfiguration;
			buildSettings = {
				ALWAYS_SEARCH_USER_PATHS = NO;
				CLANG_ANALYZER_NONNULL = YES;
				CLANG_ANALYZER_NUMBER_OBJECT_CONVERSION = YES_AGGRESSIVE;
				CLANG_CXX_LANGUAGE_STANDARD = "gnu++14";
				CLANG_CXX_LIBRARY = "libc++";
				CLANG_ENABLE_MODULES = YES;
				CLANG_ENABLE_OBJC_ARC = YES;
				CLANG_ENABLE_OBJC_WEAK = YES;
				CLANG_WARN_BLOCK_CAPTURE_AUTORELEASING = YES;
				CLANG_WARN_BOOL_CONVERSION = YES;
				CLANG_WARN_COMMA = YES;
				CLANG_WARN_CONSTANT_CONVERSION = YES;
				CLANG_WARN_DEPRECATED_OBJC_IMPLEMENTATIONS = YES;
				CLANG_WARN_DIRECT_OBJC_ISA_USAGE = YES_ERROR;
				CLANG_WARN_DOCUMENTATION_COMMENTS = YES;
				CLANG_WARN_EMPTY_BODY = YES;
				CLANG_WARN_ENUM_CONVERSION = YES;
				CLANG_WARN_INFINITE_RECURSION = YES;
				CLANG_WARN_INT_CONVERSION = YES;
				CLANG_WARN_NON_LITERAL_NULL_CONVERSION = YES;
				CLANG_WARN_OBJC_IMPLICIT_RETAIN_SELF = YES;
				CLANG_WARN_OBJC_LITERAL_CONVERSION = YES;
				CLANG_WARN_OBJC_ROOT_CLASS = YES_ERROR;
				CLANG_WARN_QUOTED_INCLUDE_IN_FRAMEWORK_HEADER = YES;
				CLANG_WARN_RANGE_LOOP_ANALYSIS = YES;
				CLANG_WARN_STRICT_PROTOTYPES = YES;
				CLANG_WARN_SUSPICIOUS_MOVE = YES;
				CLANG_WARN_UNGUARDED_AVAILABILITY = YES_AGGRESSIVE;
				CLANG_WARN_UNREACHABLE_CODE = YES;
				CLANG_WARN__DUPLICATE_METHOD_MATCH = YES;
				COPY_PHASE_STRIP = NO;
				DEBUG_INFORMATION_FORMAT = "dwarf-with-dsym";
				ENABLE_NS_ASSERTIONS = NO;
				ENABLE_STRICT_OBJC_MSGSEND = YES;
				GCC_C_LANGUAGE_STANDARD = gnu11;
				GCC_NO_COMMON_BLOCKS = YES;
				GCC_WARN_64_TO_32_BIT_CONVERSION = YES;
				GCC_WARN_ABOUT_RETURN_TYPE = YES_ERROR;
				GCC_WARN_UNDECLARED_SELECTOR = YES;
				GCC_WARN_UNINITIALIZED_AUTOS = YES_AGGRESSIVE;
				GCC_WARN_UNUSED_FUNCTION = YES;
				GCC_WARN_UNUSED_VARIABLE = YES;
				IPHONEOS_DEPLOYMENT_TARGET = 14.5;
				MTL_ENABLE_DEBUG_INFO = NO;
				MTL_FAST_MATH = YES;
				SDKROOT = iphoneos;
				SWIFT_COMPILATION_MODE = wholemodule;
				SWIFT_OPTIMIZATION_LEVEL = "-O";
				VALIDATE_PRODUCT = YES;
			};
			name = Release;
		};
		1BE0C5DE26B1F052007EC5CD /* Debug */ = {
			isa = XCBuildConfiguration;
			buildSettings = {
				ASSETCATALOG_COMPILER_APPICON_NAME = AppIcon;
				ASSETCATALOG_COMPILER_GLOBAL_ACCENT_COLOR_NAME = AccentColor;
				CODE_SIGN_STYLE = Automatic;
				INFOPLIST_FILE = AddingCoreData/Config/Info.plist;
				LD_RUNPATH_SEARCH_PATHS = (
					"$(inherited)",
					"@executable_path/Frameworks",
				);
				PRODUCT_BUNDLE_IDENTIFIER = com.sdbt.AddingCoreData;
				PRODUCT_NAME = "$(TARGET_NAME)";
				SWIFT_VERSION = 5.0;
				TARGETED_DEVICE_FAMILY = "1,2";
			};
			name = Debug;
		};
		1BE0C5DF26B1F052007EC5CD /* Release */ = {
			isa = XCBuildConfiguration;
			buildSettings = {
				ASSETCATALOG_COMPILER_APPICON_NAME = AppIcon;
				ASSETCATALOG_COMPILER_GLOBAL_ACCENT_COLOR_NAME = AccentColor;
				CODE_SIGN_STYLE = Automatic;
				INFOPLIST_FILE = AddingCoreData/Config/Info.plist;
				LD_RUNPATH_SEARCH_PATHS = (
					"$(inherited)",
					"@executable_path/Frameworks",
				);
				PRODUCT_BUNDLE_IDENTIFIER = com.sdbt.AddingCoreData;
				PRODUCT_NAME = "$(TARGET_NAME)";
				SWIFT_VERSION = 5.0;
				TARGETED_DEVICE_FAMILY = "1,2";
			};
			name = Release;
		};
		1BE0C5E126B1F052007EC5CD /* Debug */ = {
			isa = XCBuildConfiguration;
			buildSettings = {
				ALWAYS_EMBED_SWIFT_STANDARD_LIBRARIES = YES;
				BUNDLE_LOADER = "$(TEST_HOST)";
				CODE_SIGN_STYLE = Automatic;
				INFOPLIST_FILE = AddingCoreDataTests/Info.plist;
				IPHONEOS_DEPLOYMENT_TARGET = 14.5;
				LD_RUNPATH_SEARCH_PATHS = (
					"$(inherited)",
					"@executable_path/Frameworks",
					"@loader_path/Frameworks",
				);
				PRODUCT_BUNDLE_IDENTIFIER = com.sdbt.AddingCoreDataTests;
				PRODUCT_NAME = "$(TARGET_NAME)";
				SWIFT_VERSION = 5.0;
				TARGETED_DEVICE_FAMILY = "1,2";
				TEST_HOST = "$(BUILT_PRODUCTS_DIR)/AddingCoreData.app/AddingCoreData";
			};
			name = Debug;
		};
		1BE0C5E226B1F052007EC5CD /* Release */ = {
			isa = XCBuildConfiguration;
			buildSettings = {
				ALWAYS_EMBED_SWIFT_STANDARD_LIBRARIES = YES;
				BUNDLE_LOADER = "$(TEST_HOST)";
				CODE_SIGN_STYLE = Automatic;
				INFOPLIST_FILE = AddingCoreDataTests/Info.plist;
				IPHONEOS_DEPLOYMENT_TARGET = 14.5;
				LD_RUNPATH_SEARCH_PATHS = (
					"$(inherited)",
					"@executable_path/Frameworks",
					"@loader_path/Frameworks",
				);
				PRODUCT_BUNDLE_IDENTIFIER = com.sdbt.AddingCoreDataTests;
				PRODUCT_NAME = "$(TARGET_NAME)";
				SWIFT_VERSION = 5.0;
				TARGETED_DEVICE_FAMILY = "1,2";
				TEST_HOST = "$(BUILT_PRODUCTS_DIR)/AddingCoreData.app/AddingCoreData";
			};
			name = Release;
		};
		1BE0C5E426B1F052007EC5CD /* Debug */ = {
			isa = XCBuildConfiguration;
			buildSettings = {
				ALWAYS_EMBED_SWIFT_STANDARD_LIBRARIES = YES;
				CODE_SIGN_STYLE = Automatic;
				INFOPLIST_FILE = AddingCoreDataUITests/Info.plist;
				LD_RUNPATH_SEARCH_PATHS = (
					"$(inherited)",
					"@executable_path/Frameworks",
					"@loader_path/Frameworks",
				);
				PRODUCT_BUNDLE_IDENTIFIER = com.sdbt.AddingCoreDataUITests;
				PRODUCT_NAME = "$(TARGET_NAME)";
				SWIFT_VERSION = 5.0;
				TARGETED_DEVICE_FAMILY = "1,2";
				TEST_TARGET_NAME = AddingCoreData;
			};
			name = Debug;
		};
		1BE0C5E526B1F052007EC5CD /* Release */ = {
			isa = XCBuildConfiguration;
			buildSettings = {
				ALWAYS_EMBED_SWIFT_STANDARD_LIBRARIES = YES;
				CODE_SIGN_STYLE = Automatic;
				INFOPLIST_FILE = AddingCoreDataUITests/Info.plist;
				LD_RUNPATH_SEARCH_PATHS = (
					"$(inherited)",
					"@executable_path/Frameworks",
					"@loader_path/Frameworks",
				);
				PRODUCT_BUNDLE_IDENTIFIER = com.sdbt.AddingCoreDataUITests;
				PRODUCT_NAME = "$(TARGET_NAME)";
				SWIFT_VERSION = 5.0;
				TARGETED_DEVICE_FAMILY = "1,2";
				TEST_TARGET_NAME = AddingCoreData;
			};
			name = Release;
		};
/* End XCBuildConfiguration section */

/* Begin XCConfigurationList section */
		1BE0C5AE26B1F052007EC5CD /* Build configuration list for PBXProject "AddingCoreData" */ = {
			isa = XCConfigurationList;
			buildConfigurations = (
				1BE0C5DB26B1F052007EC5CD /* Debug */,
				1BE0C5DC26B1F052007EC5CD /* Release */,
			);
			defaultConfigurationIsVisible = 0;
			defaultConfigurationName = Release;
		};
		1BE0C5DD26B1F052007EC5CD /* Build configuration list for PBXNativeTarget "AddingCoreData" */ = {
			isa = XCConfigurationList;
			buildConfigurations = (
				1BE0C5DE26B1F052007EC5CD /* Debug */,
				1BE0C5DF26B1F052007EC5CD /* Release */,
			);
			defaultConfigurationIsVisible = 0;
			defaultConfigurationName = Release;
		};
		1BE0C5E026B1F052007EC5CD /* Build configuration list for PBXNativeTarget "AddingCoreDataTests" */ = {
			isa = XCConfigurationList;
			buildConfigurations = (
				1BE0C5E126B1F052007EC5CD /* Debug */,
				1BE0C5E226B1F052007EC5CD /* Release */,
			);
			defaultConfigurationIsVisible = 0;
			defaultConfigurationName = Release;
		};
		1BE0C5E326B1F052007EC5CD /* Build configuration list for PBXNativeTarget "AddingCoreDataUITests" */ = {
			isa = XCConfigurationList;
			buildConfigurations = (
				1BE0C5E426B1F052007EC5CD /* Debug */,
				1BE0C5E526B1F052007EC5CD /* Release */,
			);
			defaultConfigurationIsVisible = 0;
			defaultConfigurationName = Release;
		};
/* End XCConfigurationList section */

/* Begin XCRemoteSwiftPackageReference section */
		1BE0C5EB26B1F763007EC5CD /* XCRemoteSwiftPackageReference "SnapKit" */ = {
			isa = XCRemoteSwiftPackageReference;
			repositoryURL = "https://github.com/SnapKit/SnapKit.git";
			requirement = {
				kind = upToNextMajorVersion;
				minimumVersion = 5.0.1;
			};
		};
/* End XCRemoteSwiftPackageReference section */

/* Begin XCSwiftPackageProductDependency section */
		1BE0C5EC26B1F763007EC5CD /* SnapKit */ = {
			isa = XCSwiftPackageProductDependency;
			package = 1BE0C5EB26B1F763007EC5CD /* XCRemoteSwiftPackageReference "SnapKit" */;
			productName = SnapKit;
		};
/* End XCSwiftPackageProductDependency section */

/* Begin XCVersionGroup section */
		1BE0C60826B251A2007EC5CD /* Model.xcdatamodeld */ = {
			isa = XCVersionGroup;
			children = (
				1BE0C60926B251A2007EC5CD /* Model.xcdatamodel */,
			);
			currentVersion = 1BE0C60926B251A2007EC5CD /* Model.xcdatamodel */;
			path = Model.xcdatamodeld;
			sourceTree = "<group>";
			versionGroupType = wrapper.xcdatamodel;
		};
/* End XCVersionGroup section */
	};
	rootObject = 1BE0C5AB26B1F052007EC5CD /* Project object */;
}
